
Microsoft Visual Studio Solution File, Format Version 12.00
# Visual Studio Version 16
VisualStudioVersion = 16.0.29201.188
MinimumVisualStudioVersion = 10.0.40219.1
Project("{FAE04EC0-301F-11D3-BF4B-00C04F79EFBC}") = "RazorPages", "RazorPages\RazorPages.csproj", "{806ABF02-39C7-4C81-89C7-BFD7FA2B5136}"
EndProject
Global
	GlobalSection(SolutionConfigurationPlatforms) = preSolution
		Debug|Any CPU = Debug|Any CPU
		Release|Any CPU = Release|Any CPU
	EndGlobalSection
	GlobalSection(ProjectConfigurationPlatforms) = postSolution
		{806ABF02-39C7-4C81-89C7-BFD7FA2B5136}.Debug|Any CPU.ActiveCfg = Debug|Any CPU
		{806ABF02-39C7-4C81-89C7-BFD7FA2B5136}.Debug|Any CPU.Build.0 = Debug|Any CPU
		{806ABF02-39C7-4C81-89C7-BFD7FA2B5136}.Release|Any CPU.ActiveCfg = Release|Any CPU
		{806ABF02-39C7-4C81-89C7-BFD7FA2B5136}.Release|Any CPU.Build.0 = Release|Any CPU
	EndGlobalSection
	GlobalSection(SolutionProperties) = preSolution
		HideSolutionNode = FALSE
	EndGlobalSection
	GlobalSection(ExtensibilityGlobals) = postSolution
		SolutionGuid = {D2F65C5A-EEDD-447F-9828-25868A86170A}
	EndGlobalSection
EndGlobal
